
Microsoft Visual Studio Solution File, Format Version 12.00
Project("{FAE04EC0-301F-11D3-BF4B-00C04F79EFBC}") = "ComparisonsAndLoops", "ComparisonsAndLoops\ComparisonsAndLoops.csproj", "{AD2724BD-F0EB-4A8B-95C6-F8F6B27EB07B}"
EndProject
Project("{FAE04EC0-301F-11D3-BF4B-00C04F79EFBC}") = "Arrays", "Arrays\Arrays.csproj", "{A1D89C8F-BE50-494F-A175-CE9EE9EABEA0}"
EndProject
Project("{FAE04EC0-301F-11D3-BF4B-00C04F79EFBC}") = "CollectionsStringsFiles", "CollectionsStringsFiles\CollectionsStringsFiles.csproj", "{28236FAB-5703-4BE2-A157-BF6D0339F9D2}"
EndProject
Project("{FAE04EC0-301F-11D3-BF4B-00C04F79EFBC}") = "Recursion", "Recursion\Recursion.csproj", "{AB56FA35-035C-4950-888D-C4F4F5E7D135}"
EndProject
Project("{FAE04EC0-301F-11D3-BF4B-00C04F79EFBC}") = "FunctionalProgramming", "FunctionalProgramming\FunctionalProgramming.csproj", "{3AE8AE35-8511-449F-8855-3907CEA0A02B}"
EndProject
Project("{FAE04EC0-301F-11D3-BF4B-00C04F79EFBC}") = "Linq", "Linq\Linq.csproj", "{6D56222E-8EA2-4617-950E-BDF29C7303AD}"
EndProject
Project("{FAE04EC0-301F-11D3-BF4B-00C04F79EFBC}") = "UlearnGame", "UlearnGame\UlearnGame.csproj", "{CE6A0B97-51CA-416A-8172-DA591933DC1D}"
EndProject
Project("{FAE04EC0-301F-11D3-BF4B-00C04F79EFBC}") = "UlearnSpaceshipGame", "UlearnSpaceshipGame\UlearnSpaceshipGame.csproj", "{ED248CAF-E50F-4AFC-B2C1-C1608314A424}"
EndProject
Project("{FAE04EC0-301F-11D3-BF4B-00C04F79EFBC}") = "WindowApplications", "WindowApplications\WindowApplications.csproj", "{87B8DF31-8E42-4E8F-B059-DD03E355AA7F}"
EndProject
Project("{FAE04EC0-301F-11D3-BF4B-00C04F79EFBC}") = "MultithreadedProgramming", "MultithreadedProgramming\MultithreadedProgramming.csproj", "{EC5550D0-CD3A-4EEB-9A4D-D9211BCBD49B}"
EndProject
Global
	GlobalSection(SolutionConfigurationPlatforms) = preSolution
		Debug|Any CPU = Debug|Any CPU
		Release|Any CPU = Release|Any CPU
	EndGlobalSection
	GlobalSection(ProjectConfigurationPlatforms) = postSolution
		{AD2724BD-F0EB-4A8B-95C6-F8F6B27EB07B}.Debug|Any CPU.ActiveCfg = Debug|Any CPU
		{AD2724BD-F0EB-4A8B-95C6-F8F6B27EB07B}.Debug|Any CPU.Build.0 = Debug|Any CPU
		{AD2724BD-F0EB-4A8B-95C6-F8F6B27EB07B}.Release|Any CPU.ActiveCfg = Release|Any CPU
		{AD2724BD-F0EB-4A8B-95C6-F8F6B27EB07B}.Release|Any CPU.Build.0 = Release|Any CPU
		{A1D89C8F-BE50-494F-A175-CE9EE9EABEA0}.Debug|Any CPU.ActiveCfg = Debug|Any CPU
		{A1D89C8F-BE50-494F-A175-CE9EE9EABEA0}.Debug|Any CPU.Build.0 = Debug|Any CPU
		{A1D89C8F-BE50-494F-A175-CE9EE9EABEA0}.Release|Any CPU.ActiveCfg = Release|Any CPU
		{A1D89C8F-BE50-494F-A175-CE9EE9EABEA0}.Release|Any CPU.Build.0 = Release|Any CPU
		{28236FAB-5703-4BE2-A157-BF6D0339F9D2}.Debug|Any CPU.ActiveCfg = Debug|Any CPU
		{28236FAB-5703-4BE2-A157-BF6D0339F9D2}.Debug|Any CPU.Build.0 = Debug|Any CPU
		{28236FAB-5703-4BE2-A157-BF6D0339F9D2}.Release|Any CPU.ActiveCfg = Release|Any CPU
		{28236FAB-5703-4BE2-A157-BF6D0339F9D2}.Release|Any CPU.Build.0 = Release|Any CPU
		{AB56FA35-035C-4950-888D-C4F4F5E7D135}.Debug|Any CPU.ActiveCfg = Debug|Any CPU
		{AB56FA35-035C-4950-888D-C4F4F5E7D135}.Debug|Any CPU.Build.0 = Debug|Any CPU
		{AB56FA35-035C-4950-888D-C4F4F5E7D135}.Release|Any CPU.ActiveCfg = Release|Any CPU
		{AB56FA35-035C-4950-888D-C4F4F5E7D135}.Release|Any CPU.Build.0 = Release|Any CPU
		{3AE8AE35-8511-449F-8855-3907CEA0A02B}.Debug|Any CPU.ActiveCfg = Debug|Any CPU
		{3AE8AE35-8511-449F-8855-3907CEA0A02B}.Debug|Any CPU.Build.0 = Debug|Any CPU
		{3AE8AE35-8511-449F-8855-3907CEA0A02B}.Release|Any CPU.ActiveCfg = Release|Any CPU
		{3AE8AE35-8511-449F-8855-3907CEA0A02B}.Release|Any CPU.Build.0 = Release|Any CPU
		{6D56222E-8EA2-4617-950E-BDF29C7303AD}.Debug|Any CPU.ActiveCfg = Debug|Any CPU
		{6D56222E-8EA2-4617-950E-BDF29C7303AD}.Debug|Any CPU.Build.0 = Debug|Any CPU
		{6D56222E-8EA2-4617-950E-BDF29C7303AD}.Release|Any CPU.ActiveCfg = Release|Any CPU
		{6D56222E-8EA2-4617-950E-BDF29C7303AD}.Release|Any CPU.Build.0 = Release|Any CPU
		{CE6A0B97-51CA-416A-8172-DA591933DC1D}.Debug|Any CPU.ActiveCfg = Debug|Any CPU
		{CE6A0B97-51CA-416A-8172-DA591933DC1D}.Debug|Any CPU.Build.0 = Debug|Any CPU
		{CE6A0B97-51CA-416A-8172-DA591933DC1D}.Release|Any CPU.ActiveCfg = Release|Any CPU
		{CE6A0B97-51CA-416A-8172-DA591933DC1D}.Release|Any CPU.Build.0 = Release|Any CPU
		{ED248CAF-E50F-4AFC-B2C1-C1608314A424}.Debug|Any CPU.ActiveCfg = Debug|Any CPU
		{ED248CAF-E50F-4AFC-B2C1-C1608314A424}.Debug|Any CPU.Build.0 = Debug|Any CPU
		{ED248CAF-E50F-4AFC-B2C1-C1608314A424}.Release|Any CPU.ActiveCfg = Release|Any CPU
		{ED248CAF-E50F-4AFC-B2C1-C1608314A424}.Release|Any CPU.Build.0 = Release|Any CPU
		{87B8DF31-8E42-4E8F-B059-DD03E355AA7F}.Debug|Any CPU.ActiveCfg = Debug|Any CPU
		{87B8DF31-8E42-4E8F-B059-DD03E355AA7F}.Debug|Any CPU.Build.0 = Debug|Any CPU
		{87B8DF31-8E42-4E8F-B059-DD03E355AA7F}.Release|Any CPU.ActiveCfg = Release|Any CPU
		{87B8DF31-8E42-4E8F-B059-DD03E355AA7F}.Release|Any CPU.Build.0 = Release|Any CPU
		{EC5550D0-CD3A-4EEB-9A4D-D9211BCBD49B}.Debug|Any CPU.ActiveCfg = Debug|Any CPU
		{EC5550D0-CD3A-4EEB-9A4D-D9211BCBD49B}.Debug|Any CPU.Build.0 = Debug|Any CPU
		{EC5550D0-CD3A-4EEB-9A4D-D9211BCBD49B}.Release|Any CPU.ActiveCfg = Release|Any CPU
		{EC5550D0-CD3A-4EEB-9A4D-D9211BCBD49B}.Release|Any CPU.Build.0 = Release|Any CPU
	EndGlobalSection
EndGlobal
