
Microsoft Visual Studio Solution File, Format Version 12.00
Project("{FAE04EC0-301F-11D3-BF4B-00C04F79EFBC}") = "ComparisonsAndLoops", "ComparisonsAndLoops\ComparisonsAndLoops.csproj", "{AD2724BD-F0EB-4A8B-95C6-F8F6B27EB07B}"
EndProject
Project("{FAE04EC0-301F-11D3-BF4B-00C04F79EFBC}") = "Arrays", "Arrays\Arrays.csproj", "{A1D89C8F-BE50-494F-A175-CE9EE9EABEA0}"
EndProject
Project("{FAE04EC0-301F-11D3-BF4B-00C04F79EFBC}") = "CollectionsStringsFiles", "CollectionsStringsFiles\CollectionsStringsFiles.csproj", "{28236FAB-5703-4BE2-A157-BF6D0339F9D2}"
EndProject
Project("{FAE04EC0-301F-11D3-BF4B-00C04F79EFBC}") = "Recursion", "Recursion\Recursion.csproj", "{AB56FA35-035C-4950-888D-C4F4F5E7D135}"
EndProject
Project("{FAE04EC0-301F-11D3-BF4B-00C04F79EFBC}") = "FunctionalProgramming", "FunctionalProgramming\FunctionalProgramming.csproj", "{3AE8AE35-8511-449F-8855-3907CEA0A02B}"
EndProject
Global
	GlobalSection(SolutionConfigurationPlatforms) = preSolution
		Debug|Any CPU = Debug|Any CPU
		Release|Any CPU = Release|Any CPU
	EndGlobalSection
	GlobalSection(ProjectConfigurationPlatforms) = postSolution
		{AD2724BD-F0EB-4A8B-95C6-F8F6B27EB07B}.Debug|Any CPU.ActiveCfg = Debug|Any CPU
		{AD2724BD-F0EB-4A8B-95C6-F8F6B27EB07B}.Debug|Any CPU.Build.0 = Debug|Any CPU
		{AD2724BD-F0EB-4A8B-95C6-F8F6B27EB07B}.Release|Any CPU.ActiveCfg = Release|Any CPU
		{AD2724BD-F0EB-4A8B-95C6-F8F6B27EB07B}.Release|Any CPU.Build.0 = Release|Any CPU
		{A1D89C8F-BE50-494F-A175-CE9EE9EABEA0}.Debug|Any CPU.ActiveCfg = Debug|Any CPU
		{A1D89C8F-BE50-494F-A175-CE9EE9EABEA0}.Debug|Any CPU.Build.0 = Debug|Any CPU
		{A1D89C8F-BE50-494F-A175-CE9EE9EABEA0}.Release|Any CPU.ActiveCfg = Release|Any CPU
		{A1D89C8F-BE50-494F-A175-CE9EE9EABEA0}.Release|Any CPU.Build.0 = Release|Any CPU
		{28236FAB-5703-4BE2-A157-BF6D0339F9D2}.Debug|Any CPU.ActiveCfg = Debug|Any CPU
		{28236FAB-5703-4BE2-A157-BF6D0339F9D2}.Debug|Any CPU.Build.0 = Debug|Any CPU
		{28236FAB-5703-4BE2-A157-BF6D0339F9D2}.Release|Any CPU.ActiveCfg = Release|Any CPU
		{28236FAB-5703-4BE2-A157-BF6D0339F9D2}.Release|Any CPU.Build.0 = Release|Any CPU
		{AB56FA35-035C-4950-888D-C4F4F5E7D135}.Debug|Any CPU.ActiveCfg = Debug|Any CPU
		{AB56FA35-035C-4950-888D-C4F4F5E7D135}.Debug|Any CPU.Build.0 = Debug|Any CPU
		{AB56FA35-035C-4950-888D-C4F4F5E7D135}.Release|Any CPU.ActiveCfg = Release|Any CPU
		{AB56FA35-035C-4950-888D-C4F4F5E7D135}.Release|Any CPU.Build.0 = Release|Any CPU
		{3AE8AE35-8511-449F-8855-3907CEA0A02B}.Debug|Any CPU.ActiveCfg = Debug|Any CPU
		{3AE8AE35-8511-449F-8855-3907CEA0A02B}.Debug|Any CPU.Build.0 = Debug|Any CPU
		{3AE8AE35-8511-449F-8855-3907CEA0A02B}.Release|Any CPU.ActiveCfg = Release|Any CPU
		{3AE8AE35-8511-449F-8855-3907CEA0A02B}.Release|Any CPU.Build.0 = Release|Any CPU
	EndGlobalSection
EndGlobal
